
Microsoft Visual Studio Solution File, Format Version 12.00
# Visual Studio Express 15 for Windows Desktop
VisualStudioVersion = 15.0.28010.2036
MinimumVisualStudioVersion = 10.0.40219.1
Project("{FAE04EC0-301F-11D3-BF4B-00C04F79EFBC}") = "Copy_Files_Structure", "Copy_Files_Structure\Copy_Files_Structure.csproj", "{7CE8A13E-1315-45C4-AADD-40F4578B491E}"
EndProject
Global
	GlobalSection(SolutionConfigurationPlatforms) = preSolution
		Debug|Any CPU = Debug|Any CPU
		Release|Any CPU = Release|Any CPU
	EndGlobalSection
	GlobalSection(ProjectConfigurationPlatforms) = postSolution
		{7CE8A13E-1315-45C4-AADD-40F4578B491E}.Debug|Any CPU.ActiveCfg = Debug|Any CPU
		{7CE8A13E-1315-45C4-AADD-40F4578B491E}.Debug|Any CPU.Build.0 = Debug|Any CPU
		{7CE8A13E-1315-45C4-AADD-40F4578B491E}.Release|Any CPU.ActiveCfg = Release|Any CPU
		{7CE8A13E-1315-45C4-AADD-40F4578B491E}.Release|Any CPU.Build.0 = Release|Any CPU
	EndGlobalSection
	GlobalSection(SolutionProperties) = preSolution
		HideSolutionNode = FALSE
	EndGlobalSection
	GlobalSection(ExtensibilityGlobals) = postSolution
		SolutionGuid = {1F552C53-CB31-4024-B263-D88C427392ED}
	EndGlobalSection
EndGlobal
